// !$*UTF8*$!
{
	archiveVersion = 1;
	classes = {
	};
	objectVersion = 56;
	objects = {

/* Begin PBXBuildFile section */
		7833A2BC2B6BB9D200D6D79C /* Constants.swift in Sources */ = {isa = PBXBuildFile; fileRef = 7833A2BB2B6BB9D200D6D79C /* Constants.swift */; };
		7833A2BE2B6BC10E00D6D79C /* AuthService.swift in Sources */ = {isa = PBXBuildFile; fileRef = 7833A2BD2B6BC10E00D6D79C /* AuthService.swift */; };
		7833A2C02B6C317D00D6D79C /* UserService.swift in Sources */ = {isa = PBXBuildFile; fileRef = 7833A2BF2B6C317D00D6D79C /* UserService.swift */; };
		78421AAB2B6836DA0051294D /* Extensions.swift in Sources */ = {isa = PBXBuildFile; fileRef = 78421AAA2B6836DA0051294D /* Extensions.swift */; };
		78421AAE2B683CD80051294D /* LoginController.swift in Sources */ = {isa = PBXBuildFile; fileRef = 78421AAD2B683CD80051294D /* LoginController.swift */; };
		78421AB02B683D590051294D /* RegistrationController.swift in Sources */ = {isa = PBXBuildFile; fileRef = 78421AAF2B683D590051294D /* RegistrationController.swift */; };
		78477DFA2B6E406D00429DA2 /* UploadTweetController.swift in Sources */ = {isa = PBXBuildFile; fileRef = 78477DF92B6E406D00429DA2 /* UploadTweetController.swift */; };
		78477DFC2B6E4EF000429DA2 /* CaptionTextView.swift in Sources */ = {isa = PBXBuildFile; fileRef = 78477DFB2B6E4EF000429DA2 /* CaptionTextView.swift */; };
		78477DFE2B6E54F200429DA2 /* TweetService.swift in Sources */ = {isa = PBXBuildFile; fileRef = 78477DFD2B6E54F200429DA2 /* TweetService.swift */; };
		7857CC3A2B6CF83900B91470 /* User.swift in Sources */ = {isa = PBXBuildFile; fileRef = 7857CC392B6CF83900B91470 /* User.swift */; };
		7857CC3D2B6D130C00B91470 /* SDWebImage in Frameworks */ = {isa = PBXBuildFile; productRef = 7857CC3C2B6D130C00B91470 /* SDWebImage */; };
		7857CC3F2B6D130C00B91470 /* SDWebImageMapKit in Frameworks */ = {isa = PBXBuildFile; productRef = 7857CC3E2B6D130C00B91470 /* SDWebImageMapKit */; };
		786594B02B6ADA32003B1627 /* GoogleService-Info.plist in Resources */ = {isa = PBXBuildFile; fileRef = 786594AF2B6ADA32003B1627 /* GoogleService-Info.plist */; };
		786594B32B6ADAF8003B1627 /* FirebaseAnalytics in Frameworks */ = {isa = PBXBuildFile; productRef = 786594B22B6ADAF8003B1627 /* FirebaseAnalytics */; };
		786594B52B6ADAF8003B1627 /* FirebaseAnalyticsOnDeviceConversion in Frameworks */ = {isa = PBXBuildFile; productRef = 786594B42B6ADAF8003B1627 /* FirebaseAnalyticsOnDeviceConversion */; };
		786594B72B6ADAF8003B1627 /* FirebaseAnalyticsSwift in Frameworks */ = {isa = PBXBuildFile; productRef = 786594B62B6ADAF8003B1627 /* FirebaseAnalyticsSwift */; };
		786594B92B6ADAF8003B1627 /* FirebaseAnalyticsWithoutAdIdSupport in Frameworks */ = {isa = PBXBuildFile; productRef = 786594B82B6ADAF8003B1627 /* FirebaseAnalyticsWithoutAdIdSupport */; };
		786594BB2B6ADAF8003B1627 /* FirebaseAppCheck in Frameworks */ = {isa = PBXBuildFile; productRef = 786594BA2B6ADAF8003B1627 /* FirebaseAppCheck */; };
		786594BD2B6ADAF8003B1627 /* FirebaseAppDistribution-Beta in Frameworks */ = {isa = PBXBuildFile; productRef = 786594BC2B6ADAF8003B1627 /* FirebaseAppDistribution-Beta */; };
		786594BF2B6ADAF8003B1627 /* FirebaseAuth in Frameworks */ = {isa = PBXBuildFile; productRef = 786594BE2B6ADAF8003B1627 /* FirebaseAuth */; };
		786594C12B6ADAF8003B1627 /* FirebaseAuthCombine-Community in Frameworks */ = {isa = PBXBuildFile; productRef = 786594C02B6ADAF8003B1627 /* FirebaseAuthCombine-Community */; };
		786594C32B6ADAF8003B1627 /* FirebaseCrashlytics in Frameworks */ = {isa = PBXBuildFile; productRef = 786594C22B6ADAF8003B1627 /* FirebaseCrashlytics */; };
		786594C52B6ADAF8003B1627 /* FirebaseDatabase in Frameworks */ = {isa = PBXBuildFile; productRef = 786594C42B6ADAF8003B1627 /* FirebaseDatabase */; };
		786594C72B6ADAF8003B1627 /* FirebaseDatabaseSwift in Frameworks */ = {isa = PBXBuildFile; productRef = 786594C62B6ADAF8003B1627 /* FirebaseDatabaseSwift */; };
		786594C92B6ADAF8003B1627 /* FirebaseDynamicLinks in Frameworks */ = {isa = PBXBuildFile; productRef = 786594C82B6ADAF8003B1627 /* FirebaseDynamicLinks */; };
		786594CB2B6ADAF8003B1627 /* FirebaseFirestore in Frameworks */ = {isa = PBXBuildFile; productRef = 786594CA2B6ADAF8003B1627 /* FirebaseFirestore */; };
		786594CD2B6ADAF8003B1627 /* FirebaseFirestoreCombine-Community in Frameworks */ = {isa = PBXBuildFile; productRef = 786594CC2B6ADAF8003B1627 /* FirebaseFirestoreCombine-Community */; };
		786594CF2B6ADAF8003B1627 /* FirebaseFirestoreSwift in Frameworks */ = {isa = PBXBuildFile; productRef = 786594CE2B6ADAF8003B1627 /* FirebaseFirestoreSwift */; };
		786594D12B6ADAF8003B1627 /* FirebaseFunctions in Frameworks */ = {isa = PBXBuildFile; productRef = 786594D02B6ADAF8003B1627 /* FirebaseFunctions */; };
		786594D32B6ADAF8003B1627 /* FirebaseFunctionsCombine-Community in Frameworks */ = {isa = PBXBuildFile; productRef = 786594D22B6ADAF8003B1627 /* FirebaseFunctionsCombine-Community */; };
		786594D52B6ADAF8003B1627 /* FirebaseInAppMessaging-Beta in Frameworks */ = {isa = PBXBuildFile; productRef = 786594D42B6ADAF8003B1627 /* FirebaseInAppMessaging-Beta */; };
		786594D72B6ADAF8003B1627 /* FirebaseInAppMessagingSwift-Beta in Frameworks */ = {isa = PBXBuildFile; productRef = 786594D62B6ADAF8003B1627 /* FirebaseInAppMessagingSwift-Beta */; };
		786594D92B6ADAF8003B1627 /* FirebaseInstallations in Frameworks */ = {isa = PBXBuildFile; productRef = 786594D82B6ADAF8003B1627 /* FirebaseInstallations */; };
		786594DB2B6ADAF8003B1627 /* FirebaseMLModelDownloader in Frameworks */ = {isa = PBXBuildFile; productRef = 786594DA2B6ADAF8003B1627 /* FirebaseMLModelDownloader */; };
		786594DD2B6ADAF8003B1627 /* FirebaseMessaging in Frameworks */ = {isa = PBXBuildFile; productRef = 786594DC2B6ADAF8003B1627 /* FirebaseMessaging */; };
		786594DF2B6ADAF8003B1627 /* FirebasePerformance in Frameworks */ = {isa = PBXBuildFile; productRef = 786594DE2B6ADAF8003B1627 /* FirebasePerformance */; };
		786594E12B6ADAF8003B1627 /* FirebaseRemoteConfig in Frameworks */ = {isa = PBXBuildFile; productRef = 786594E02B6ADAF8003B1627 /* FirebaseRemoteConfig */; };
		786594E32B6ADAF8003B1627 /* FirebaseRemoteConfigSwift in Frameworks */ = {isa = PBXBuildFile; productRef = 786594E22B6ADAF8003B1627 /* FirebaseRemoteConfigSwift */; };
		786594E52B6ADAF8003B1627 /* FirebaseStorage in Frameworks */ = {isa = PBXBuildFile; productRef = 786594E42B6ADAF8003B1627 /* FirebaseStorage */; };
		786594E72B6ADAF8003B1627 /* FirebaseStorageCombine-Community in Frameworks */ = {isa = PBXBuildFile; productRef = 786594E62B6ADAF8003B1627 /* FirebaseStorageCombine-Community */; };
		78840BDF2B67F96C00453B74 /* AppDelegate.swift in Sources */ = {isa = PBXBuildFile; fileRef = 78840BDE2B67F96C00453B74 /* AppDelegate.swift */; };
		78840BE12B67F96C00453B74 /* SceneDelegate.swift in Sources */ = {isa = PBXBuildFile; fileRef = 78840BE02B67F96C00453B74 /* SceneDelegate.swift */; };
		78840BE82B67F96E00453B74 /* Assets.xcassets in Resources */ = {isa = PBXBuildFile; fileRef = 78840BE72B67F96E00453B74 /* Assets.xcassets */; };
		78840BEB2B67F96E00453B74 /* LaunchScreen.storyboard in Resources */ = {isa = PBXBuildFile; fileRef = 78840BE92B67F96E00453B74 /* LaunchScreen.storyboard */; };
		78840BF92B67FABA00453B74 /* MainTabController.swift in Sources */ = {isa = PBXBuildFile; fileRef = 78840BF82B67FABA00453B74 /* MainTabController.swift */; };
		78840BFB2B67FC0500453B74 /* FeedController.swift in Sources */ = {isa = PBXBuildFile; fileRef = 78840BFA2B67FC0500453B74 /* FeedController.swift */; };
		78840BFD2B67FC3F00453B74 /* ExploreController.swift in Sources */ = {isa = PBXBuildFile; fileRef = 78840BFC2B67FC3F00453B74 /* ExploreController.swift */; };
		78840BFF2B67FC8C00453B74 /* NotificationsController.swift in Sources */ = {isa = PBXBuildFile; fileRef = 78840BFE2B67FC8C00453B74 /* NotificationsController.swift */; };
		78840C012B67FCAC00453B74 /* ConversationController.swift in Sources */ = {isa = PBXBuildFile; fileRef = 78840C002B67FCAC00453B74 /* ConversationController.swift */; };
		78DBBCA22B693CB500042605 /* Utilities.swift in Sources */ = {isa = PBXBuildFile; fileRef = 78DBBCA12B693CB500042605 /* Utilities.swift */; };
		78E4E1252B6F993000882D3B /* Tweet.swift in Sources */ = {isa = PBXBuildFile; fileRef = 78E4E1242B6F993000882D3B /* Tweet.swift */; };
/* End PBXBuildFile section */

/* Begin PBXFileReference section */
		7833A2BB2B6BB9D200D6D79C /* Constants.swift */ = {isa = PBXFileReference; lastKnownFileType = sourcecode.swift; path = Constants.swift; sourceTree = "<group>"; };
		7833A2BD2B6BC10E00D6D79C /* AuthService.swift */ = {isa = PBXFileReference; lastKnownFileType = sourcecode.swift; path = AuthService.swift; sourceTree = "<group>"; };
		7833A2BF2B6C317D00D6D79C /* UserService.swift */ = {isa = PBXFileReference; lastKnownFileType = sourcecode.swift; path = UserService.swift; sourceTree = "<group>"; };
		78421AAA2B6836DA0051294D /* Extensions.swift */ = {isa = PBXFileReference; lastKnownFileType = sourcecode.swift; path = Extensions.swift; sourceTree = "<group>"; };
		78421AAD2B683CD80051294D /* LoginController.swift */ = {isa = PBXFileReference; lastKnownFileType = sourcecode.swift; path = LoginController.swift; sourceTree = "<group>"; };
		78421AAF2B683D590051294D /* RegistrationController.swift */ = {isa = PBXFileReference; lastKnownFileType = sourcecode.swift; path = RegistrationController.swift; sourceTree = "<group>"; };
		78477DF92B6E406D00429DA2 /* UploadTweetController.swift */ = {isa = PBXFileReference; lastKnownFileType = sourcecode.swift; path = UploadTweetController.swift; sourceTree = "<group>"; };
		78477DFB2B6E4EF000429DA2 /* CaptionTextView.swift */ = {isa = PBXFileReference; lastKnownFileType = sourcecode.swift; path = CaptionTextView.swift; sourceTree = "<group>"; };
		78477DFD2B6E54F200429DA2 /* TweetService.swift */ = {isa = PBXFileReference; lastKnownFileType = sourcecode.swift; path = TweetService.swift; sourceTree = "<group>"; };
		7857CC392B6CF83900B91470 /* User.swift */ = {isa = PBXFileReference; lastKnownFileType = sourcecode.swift; path = User.swift; sourceTree = "<group>"; };
		786594AF2B6ADA32003B1627 /* GoogleService-Info.plist */ = {isa = PBXFileReference; fileEncoding = 4; lastKnownFileType = text.plist.xml; path = "GoogleService-Info.plist"; sourceTree = "<group>"; };
		78840BDB2B67F96C00453B74 /* TwitterClone.app */ = {isa = PBXFileReference; explicitFileType = wrapper.application; includeInIndex = 0; path = TwitterClone.app; sourceTree = BUILT_PRODUCTS_DIR; };
		78840BDE2B67F96C00453B74 /* AppDelegate.swift */ = {isa = PBXFileReference; lastKnownFileType = sourcecode.swift; path = AppDelegate.swift; sourceTree = "<group>"; };
		78840BE02B67F96C00453B74 /* SceneDelegate.swift */ = {isa = PBXFileReference; lastKnownFileType = sourcecode.swift; path = SceneDelegate.swift; sourceTree = "<group>"; };
		78840BE72B67F96E00453B74 /* Assets.xcassets */ = {isa = PBXFileReference; lastKnownFileType = folder.assetcatalog; path = Assets.xcassets; sourceTree = "<group>"; };
		78840BEA2B67F96E00453B74 /* Base */ = {isa = PBXFileReference; lastKnownFileType = file.storyboard; name = Base; path = Base.lproj/LaunchScreen.storyboard; sourceTree = "<group>"; };
		78840BEC2B67F96E00453B74 /* Info.plist */ = {isa = PBXFileReference; lastKnownFileType = text.plist.xml; path = Info.plist; sourceTree = "<group>"; };
		78840BF82B67FABA00453B74 /* MainTabController.swift */ = {isa = PBXFileReference; lastKnownFileType = sourcecode.swift; path = MainTabController.swift; sourceTree = "<group>"; };
		78840BFA2B67FC0500453B74 /* FeedController.swift */ = {isa = PBXFileReference; lastKnownFileType = sourcecode.swift; path = FeedController.swift; sourceTree = "<group>"; };
		78840BFC2B67FC3F00453B74 /* ExploreController.swift */ = {isa = PBXFileReference; lastKnownFileType = sourcecode.swift; path = ExploreController.swift; sourceTree = "<group>"; };
		78840BFE2B67FC8C00453B74 /* NotificationsController.swift */ = {isa = PBXFileReference; lastKnownFileType = sourcecode.swift; path = NotificationsController.swift; sourceTree = "<group>"; };
		78840C002B67FCAC00453B74 /* ConversationController.swift */ = {isa = PBXFileReference; lastKnownFileType = sourcecode.swift; path = ConversationController.swift; sourceTree = "<group>"; };
		78DBBCA12B693CB500042605 /* Utilities.swift */ = {isa = PBXFileReference; lastKnownFileType = sourcecode.swift; path = Utilities.swift; sourceTree = "<group>"; };
		78E4E1242B6F993000882D3B /* Tweet.swift */ = {isa = PBXFileReference; lastKnownFileType = sourcecode.swift; path = Tweet.swift; sourceTree = "<group>"; };
/* End PBXFileReference section */

/* Begin PBXFrameworksBuildPhase section */
		78840BD82B67F96C00453B74 /* Frameworks */ = {
			isa = PBXFrameworksBuildPhase;
			buildActionMask = 2147483647;
			files = (
				7857CC3F2B6D130C00B91470 /* SDWebImageMapKit in Frameworks */,
				786594C52B6ADAF8003B1627 /* FirebaseDatabase in Frameworks */,
				786594D32B6ADAF8003B1627 /* FirebaseFunctionsCombine-Community in Frameworks */,
				786594CB2B6ADAF8003B1627 /* FirebaseFirestore in Frameworks */,
				786594B72B6ADAF8003B1627 /* FirebaseAnalyticsSwift in Frameworks */,
				786594B32B6ADAF8003B1627 /* FirebaseAnalytics in Frameworks */,
				786594B52B6ADAF8003B1627 /* FirebaseAnalyticsOnDeviceConversion in Frameworks */,
				786594DB2B6ADAF8003B1627 /* FirebaseMLModelDownloader in Frameworks */,
				786594CF2B6ADAF8003B1627 /* FirebaseFirestoreSwift in Frameworks */,
				786594BB2B6ADAF8003B1627 /* FirebaseAppCheck in Frameworks */,
				786594B92B6ADAF8003B1627 /* FirebaseAnalyticsWithoutAdIdSupport in Frameworks */,
				7857CC3D2B6D130C00B91470 /* SDWebImage in Frameworks */,
				786594BF2B6ADAF8003B1627 /* FirebaseAuth in Frameworks */,
				786594C32B6ADAF8003B1627 /* FirebaseCrashlytics in Frameworks */,
				786594E32B6ADAF8003B1627 /* FirebaseRemoteConfigSwift in Frameworks */,
				786594D52B6ADAF8003B1627 /* FirebaseInAppMessaging-Beta in Frameworks */,
				786594C72B6ADAF8003B1627 /* FirebaseDatabaseSwift in Frameworks */,
				786594D12B6ADAF8003B1627 /* FirebaseFunctions in Frameworks */,
				786594E72B6ADAF8003B1627 /* FirebaseStorageCombine-Community in Frameworks */,
				786594E12B6ADAF8003B1627 /* FirebaseRemoteConfig in Frameworks */,
				786594BD2B6ADAF8003B1627 /* FirebaseAppDistribution-Beta in Frameworks */,
				786594C12B6ADAF8003B1627 /* FirebaseAuthCombine-Community in Frameworks */,
				786594DF2B6ADAF8003B1627 /* FirebasePerformance in Frameworks */,
				786594D72B6ADAF8003B1627 /* FirebaseInAppMessagingSwift-Beta in Frameworks */,
				786594E52B6ADAF8003B1627 /* FirebaseStorage in Frameworks */,
				786594C92B6ADAF8003B1627 /* FirebaseDynamicLinks in Frameworks */,
				786594CD2B6ADAF8003B1627 /* FirebaseFirestoreCombine-Community in Frameworks */,
				786594DD2B6ADAF8003B1627 /* FirebaseMessaging in Frameworks */,
				786594D92B6ADAF8003B1627 /* FirebaseInstallations in Frameworks */,
			);
			runOnlyForDeploymentPostprocessing = 0;
		};
/* End PBXFrameworksBuildPhase section */

/* Begin PBXGroup section */
		78421AAC2B683CB20051294D /* Authentication */ = {
			isa = PBXGroup;
			children = (
				78421AAD2B683CD80051294D /* LoginController.swift */,
				78421AAF2B683D590051294D /* RegistrationController.swift */,
			);
			path = Authentication;
			sourceTree = "<group>";
		};
		78840BD22B67F96C00453B74 = {
			isa = PBXGroup;
			children = (
				78840BDD2B67F96C00453B74 /* TwitterClone */,
				78840BDC2B67F96C00453B74 /* Products */,
			);
			sourceTree = "<group>";
		};
		78840BDC2B67F96C00453B74 /* Products */ = {
			isa = PBXGroup;
			children = (
				78840BDB2B67F96C00453B74 /* TwitterClone.app */,
			);
			name = Products;
			sourceTree = "<group>";
		};
		78840BDD2B67F96C00453B74 /* TwitterClone */ = {
			isa = PBXGroup;
			children = (
				78840BF72B67FA1800453B74 /* Utils */,
				78840BF62B67FA1200453B74 /* API */,
				78840BF52B67FA0200453B74 /* Controller */,
				78840BF42B67F9FB00453B74 /* ViewModel */,
				78840BF32B67F9EE00453B74 /* View */,
				78840BF22B67F9E100453B74 /* Model */,
				78840BDE2B67F96C00453B74 /* AppDelegate.swift */,
				786594AF2B6ADA32003B1627 /* GoogleService-Info.plist */,
				78840BE02B67F96C00453B74 /* SceneDelegate.swift */,
				78840BE72B67F96E00453B74 /* Assets.xcassets */,
				78840BE92B67F96E00453B74 /* LaunchScreen.storyboard */,
				78840BEC2B67F96E00453B74 /* Info.plist */,
			);
			path = TwitterClone;
			sourceTree = "<group>";
		};
		78840BF22B67F9E100453B74 /* Model */ = {
			isa = PBXGroup;
			children = (
				7857CC392B6CF83900B91470 /* User.swift */,
				78E4E1242B6F993000882D3B /* Tweet.swift */,
			);
			path = Model;
			sourceTree = "<group>";
		};
		78840BF32B67F9EE00453B74 /* View */ = {
			isa = PBXGroup;
			children = (
				78477DFB2B6E4EF000429DA2 /* CaptionTextView.swift */,
			);
			path = View;
			sourceTree = "<group>";
		};
		78840BF42B67F9FB00453B74 /* ViewModel */ = {
			isa = PBXGroup;
			children = (
			);
			path = ViewModel;
			sourceTree = "<group>";
		};
		78840BF52B67FA0200453B74 /* Controller */ = {
			isa = PBXGroup;
			children = (
				78421AAC2B683CB20051294D /* Authentication */,
				78840BF82B67FABA00453B74 /* MainTabController.swift */,
				78840BFA2B67FC0500453B74 /* FeedController.swift */,
				78840BFC2B67FC3F00453B74 /* ExploreController.swift */,
				78840BFE2B67FC8C00453B74 /* NotificationsController.swift */,
				78840C002B67FCAC00453B74 /* ConversationController.swift */,
				78477DF92B6E406D00429DA2 /* UploadTweetController.swift */,
			);
			path = Controller;
			sourceTree = "<group>";
		};
		78840BF62B67FA1200453B74 /* API */ = {
			isa = PBXGroup;
			children = (
				7833A2BD2B6BC10E00D6D79C /* AuthService.swift */,
				7833A2BF2B6C317D00D6D79C /* UserService.swift */,
				78477DFD2B6E54F200429DA2 /* TweetService.swift */,
			);
			path = API;
			sourceTree = "<group>";
		};
		78840BF72B67FA1800453B74 /* Utils */ = {
			isa = PBXGroup;
			children = (
				78421AAA2B6836DA0051294D /* Extensions.swift */,
				78DBBCA12B693CB500042605 /* Utilities.swift */,
				7833A2BB2B6BB9D200D6D79C /* Constants.swift */,
			);
			path = Utils;
			sourceTree = "<group>";
		};
/* End PBXGroup section */

/* Begin PBXNativeTarget section */
		78840BDA2B67F96C00453B74 /* TwitterClone */ = {
			isa = PBXNativeTarget;
			buildConfigurationList = 78840BEF2B67F96E00453B74 /* Build configuration list for PBXNativeTarget "TwitterClone" */;
			buildPhases = (
				78840BD72B67F96C00453B74 /* Sources */,
				78840BD82B67F96C00453B74 /* Frameworks */,
				78840BD92B67F96C00453B74 /* Resources */,
			);
			buildRules = (
			);
			dependencies = (
			);
			name = TwitterClone;
			packageProductDependencies = (
				786594B22B6ADAF8003B1627 /* FirebaseAnalytics */,
				786594B42B6ADAF8003B1627 /* FirebaseAnalyticsOnDeviceConversion */,
				786594B62B6ADAF8003B1627 /* FirebaseAnalyticsSwift */,
				786594B82B6ADAF8003B1627 /* FirebaseAnalyticsWithoutAdIdSupport */,
				786594BA2B6ADAF8003B1627 /* FirebaseAppCheck */,
				786594BC2B6ADAF8003B1627 /* FirebaseAppDistribution-Beta */,
				786594BE2B6ADAF8003B1627 /* FirebaseAuth */,
				786594C02B6ADAF8003B1627 /* FirebaseAuthCombine-Community */,
				786594C22B6ADAF8003B1627 /* FirebaseCrashlytics */,
				786594C42B6ADAF8003B1627 /* FirebaseDatabase */,
				786594C62B6ADAF8003B1627 /* FirebaseDatabaseSwift */,
				786594C82B6ADAF8003B1627 /* FirebaseDynamicLinks */,
				786594CA2B6ADAF8003B1627 /* FirebaseFirestore */,
				786594CC2B6ADAF8003B1627 /* FirebaseFirestoreCombine-Community */,
				786594CE2B6ADAF8003B1627 /* FirebaseFirestoreSwift */,
				786594D02B6ADAF8003B1627 /* FirebaseFunctions */,
				786594D22B6ADAF8003B1627 /* FirebaseFunctionsCombine-Community */,
				786594D42B6ADAF8003B1627 /* FirebaseInAppMessaging-Beta */,
				786594D62B6ADAF8003B1627 /* FirebaseInAppMessagingSwift-Beta */,
				786594D82B6ADAF8003B1627 /* FirebaseInstallations */,
				786594DA2B6ADAF8003B1627 /* FirebaseMLModelDownloader */,
				786594DC2B6ADAF8003B1627 /* FirebaseMessaging */,
				786594DE2B6ADAF8003B1627 /* FirebasePerformance */,
				786594E02B6ADAF8003B1627 /* FirebaseRemoteConfig */,
				786594E22B6ADAF8003B1627 /* FirebaseRemoteConfigSwift */,
				786594E42B6ADAF8003B1627 /* FirebaseStorage */,
				786594E62B6ADAF8003B1627 /* FirebaseStorageCombine-Community */,
				7857CC3C2B6D130C00B91470 /* SDWebImage */,
				7857CC3E2B6D130C00B91470 /* SDWebImageMapKit */,
			);
			productName = TwitterClone;
			productReference = 78840BDB2B67F96C00453B74 /* TwitterClone.app */;
			productType = "com.apple.product-type.application";
		};
/* End PBXNativeTarget section */

/* Begin PBXProject section */
		78840BD32B67F96C00453B74 /* Project object */ = {
			isa = PBXProject;
			attributes = {
				BuildIndependentTargetsInParallel = 1;
				LastSwiftUpdateCheck = 1500;
				LastUpgradeCheck = 1500;
				TargetAttributes = {
					78840BDA2B67F96C00453B74 = {
						CreatedOnToolsVersion = 15.0.1;
					};
				};
			};
			buildConfigurationList = 78840BD62B67F96C00453B74 /* Build configuration list for PBXProject "TwitterClone" */;
			compatibilityVersion = "Xcode 14.0";
			developmentRegion = en;
			hasScannedForEncodings = 0;
			knownRegions = (
				en,
				Base,
			);
			mainGroup = 78840BD22B67F96C00453B74;
			packageReferences = (
				786594B12B6ADAF8003B1627 /* XCRemoteSwiftPackageReference "firebase-ios-sdk" */,
				7857CC3B2B6D130C00B91470 /* XCRemoteSwiftPackageReference "SDWebImage" */,
			);
			productRefGroup = 78840BDC2B67F96C00453B74 /* Products */;
			projectDirPath = "";
			projectRoot = "";
			targets = (
				78840BDA2B67F96C00453B74 /* TwitterClone */,
			);
		};
/* End PBXProject section */

/* Begin PBXResourcesBuildPhase section */
		78840BD92B67F96C00453B74 /* Resources */ = {
			isa = PBXResourcesBuildPhase;
			buildActionMask = 2147483647;
			files = (
				78840BEB2B67F96E00453B74 /* LaunchScreen.storyboard in Resources */,
				786594B02B6ADA32003B1627 /* GoogleService-Info.plist in Resources */,
				78840BE82B67F96E00453B74 /* Assets.xcassets in Resources */,
			);
			runOnlyForDeploymentPostprocessing = 0;
		};
/* End PBXResourcesBuildPhase section */

/* Begin PBXSourcesBuildPhase section */
		78840BD72B67F96C00453B74 /* Sources */ = {
			isa = PBXSourcesBuildPhase;
			buildActionMask = 2147483647;
			files = (
				7833A2C02B6C317D00D6D79C /* UserService.swift in Sources */,
				78840BDF2B67F96C00453B74 /* AppDelegate.swift in Sources */,
				78840BFD2B67FC3F00453B74 /* ExploreController.swift in Sources */,
				78477DFC2B6E4EF000429DA2 /* CaptionTextView.swift in Sources */,
				78DBBCA22B693CB500042605 /* Utilities.swift in Sources */,
				78840BFF2B67FC8C00453B74 /* NotificationsController.swift in Sources */,
				78421AAB2B6836DA0051294D /* Extensions.swift in Sources */,
				78421AAE2B683CD80051294D /* LoginController.swift in Sources */,
				7833A2BE2B6BC10E00D6D79C /* AuthService.swift in Sources */,
				78477DFA2B6E406D00429DA2 /* UploadTweetController.swift in Sources */,
				7857CC3A2B6CF83900B91470 /* User.swift in Sources */,
				78840BE12B67F96C00453B74 /* SceneDelegate.swift in Sources */,
				78840BF92B67FABA00453B74 /* MainTabController.swift in Sources */,
				78840C012B67FCAC00453B74 /* ConversationController.swift in Sources */,
				78421AB02B683D590051294D /* RegistrationController.swift in Sources */,
				78840BFB2B67FC0500453B74 /* FeedController.swift in Sources */,
				7833A2BC2B6BB9D200D6D79C /* Constants.swift in Sources */,
				78E4E1252B6F993000882D3B /* Tweet.swift in Sources */,
				78477DFE2B6E54F200429DA2 /* TweetService.swift in Sources */,
			);
			runOnlyForDeploymentPostprocessing = 0;
		};
/* End PBXSourcesBuildPhase section */

/* Begin PBXVariantGroup section */
		78840BE92B67F96E00453B74 /* LaunchScreen.storyboard */ = {
			isa = PBXVariantGroup;
			children = (
				78840BEA2B67F96E00453B74 /* Base */,
			);
			name = LaunchScreen.storyboard;
			sourceTree = "<group>";
		};
/* End PBXVariantGroup section */

/* Begin XCBuildConfiguration section */
		78840BED2B67F96E00453B74 /* Debug */ = {
			isa = XCBuildConfiguration;
			buildSettings = {
				ALWAYS_SEARCH_USER_PATHS = NO;
				ASSETCATALOG_COMPILER_GENERATE_SWIFT_ASSET_SYMBOL_EXTENSIONS = YES;
				CLANG_ANALYZER_NONNULL = YES;
				CLANG_ANALYZER_NUMBER_OBJECT_CONVERSION = YES_AGGRESSIVE;
				CLANG_CXX_LANGUAGE_STANDARD = "gnu++20";
				CLANG_ENABLE_MODULES = YES;
				CLANG_ENABLE_OBJC_ARC = YES;
				CLANG_ENABLE_OBJC_WEAK = YES;
				CLANG_WARN_BLOCK_CAPTURE_AUTORELEASING = YES;
				CLANG_WARN_BOOL_CONVERSION = YES;
				CLANG_WARN_COMMA = YES;
				CLANG_WARN_CONSTANT_CONVERSION = YES;
				CLANG_WARN_DEPRECATED_OBJC_IMPLEMENTATIONS = YES;
				CLANG_WARN_DIRECT_OBJC_ISA_USAGE = YES_ERROR;
				CLANG_WARN_DOCUMENTATION_COMMENTS = YES;
				CLANG_WARN_EMPTY_BODY = YES;
				CLANG_WARN_ENUM_CONVERSION = YES;
				CLANG_WARN_INFINITE_RECURSION = YES;
				CLANG_WARN_INT_CONVERSION = YES;
				CLANG_WARN_NON_LITERAL_NULL_CONVERSION = YES;
				CLANG_WARN_OBJC_IMPLICIT_RETAIN_SELF = YES;
				CLANG_WARN_OBJC_LITERAL_CONVERSION = YES;
				CLANG_WARN_OBJC_ROOT_CLASS = YES_ERROR;
				CLANG_WARN_QUOTED_INCLUDE_IN_FRAMEWORK_HEADER = YES;
				CLANG_WARN_RANGE_LOOP_ANALYSIS = YES;
				CLANG_WARN_STRICT_PROTOTYPES = YES;
				CLANG_WARN_SUSPICIOUS_MOVE = YES;
				CLANG_WARN_UNGUARDED_AVAILABILITY = YES_AGGRESSIVE;
				CLANG_WARN_UNREACHABLE_CODE = YES;
				CLANG_WARN__DUPLICATE_METHOD_MATCH = YES;
				COPY_PHASE_STRIP = NO;
				DEBUG_INFORMATION_FORMAT = dwarf;
				ENABLE_STRICT_OBJC_MSGSEND = YES;
				ENABLE_TESTABILITY = YES;
				ENABLE_USER_SCRIPT_SANDBOXING = YES;
				GCC_C_LANGUAGE_STANDARD = gnu17;
				GCC_DYNAMIC_NO_PIC = NO;
				GCC_NO_COMMON_BLOCKS = YES;
				GCC_OPTIMIZATION_LEVEL = 0;
				GCC_PREPROCESSOR_DEFINITIONS = (
					"DEBUG=1",
					"$(inherited)",
				);
				GCC_WARN_64_TO_32_BIT_CONVERSION = YES;
				GCC_WARN_ABOUT_RETURN_TYPE = YES_ERROR;
				GCC_WARN_UNDECLARED_SELECTOR = YES;
				GCC_WARN_UNINITIALIZED_AUTOS = YES_AGGRESSIVE;
				GCC_WARN_UNUSED_FUNCTION = YES;
				GCC_WARN_UNUSED_VARIABLE = YES;
				IPHONEOS_DEPLOYMENT_TARGET = 17.0;
				LOCALIZATION_PREFERS_STRING_CATALOGS = YES;
				MTL_ENABLE_DEBUG_INFO = INCLUDE_SOURCE;
				MTL_FAST_MATH = YES;
				ONLY_ACTIVE_ARCH = YES;
				SDKROOT = iphoneos;
				SWIFT_ACTIVE_COMPILATION_CONDITIONS = "DEBUG $(inherited)";
				SWIFT_OPTIMIZATION_LEVEL = "-Onone";
			};
			name = Debug;
		};
		78840BEE2B67F96E00453B74 /* Release */ = {
			isa = XCBuildConfiguration;
			buildSettings = {
				ALWAYS_SEARCH_USER_PATHS = NO;
				ASSETCATALOG_COMPILER_GENERATE_SWIFT_ASSET_SYMBOL_EXTENSIONS = YES;
				CLANG_ANALYZER_NONNULL = YES;
				CLANG_ANALYZER_NUMBER_OBJECT_CONVERSION = YES_AGGRESSIVE;
				CLANG_CXX_LANGUAGE_STANDARD = "gnu++20";
				CLANG_ENABLE_MODULES = YES;
				CLANG_ENABLE_OBJC_ARC = YES;
				CLANG_ENABLE_OBJC_WEAK = YES;
				CLANG_WARN_BLOCK_CAPTURE_AUTORELEASING = YES;
				CLANG_WARN_BOOL_CONVERSION = YES;
				CLANG_WARN_COMMA = YES;
				CLANG_WARN_CONSTANT_CONVERSION = YES;
				CLANG_WARN_DEPRECATED_OBJC_IMPLEMENTATIONS = YES;
				CLANG_WARN_DIRECT_OBJC_ISA_USAGE = YES_ERROR;
				CLANG_WARN_DOCUMENTATION_COMMENTS = YES;
				CLANG_WARN_EMPTY_BODY = YES;
				CLANG_WARN_ENUM_CONVERSION = YES;
				CLANG_WARN_INFINITE_RECURSION = YES;
				CLANG_WARN_INT_CONVERSION = YES;
				CLANG_WARN_NON_LITERAL_NULL_CONVERSION = YES;
				CLANG_WARN_OBJC_IMPLICIT_RETAIN_SELF = YES;
				CLANG_WARN_OBJC_LITERAL_CONVERSION = YES;
				CLANG_WARN_OBJC_ROOT_CLASS = YES_ERROR;
				CLANG_WARN_QUOTED_INCLUDE_IN_FRAMEWORK_HEADER = YES;
				CLANG_WARN_RANGE_LOOP_ANALYSIS = YES;
				CLANG_WARN_STRICT_PROTOTYPES = YES;
				CLANG_WARN_SUSPICIOUS_MOVE = YES;
				CLANG_WARN_UNGUARDED_AVAILABILITY = YES_AGGRESSIVE;
				CLANG_WARN_UNREACHABLE_CODE = YES;
				CLANG_WARN__DUPLICATE_METHOD_MATCH = YES;
				COPY_PHASE_STRIP = NO;
				DEBUG_INFORMATION_FORMAT = "dwarf-with-dsym";
				ENABLE_NS_ASSERTIONS = NO;
				ENABLE_STRICT_OBJC_MSGSEND = YES;
				ENABLE_USER_SCRIPT_SANDBOXING = YES;
				GCC_C_LANGUAGE_STANDARD = gnu17;
				GCC_NO_COMMON_BLOCKS = YES;
				GCC_WARN_64_TO_32_BIT_CONVERSION = YES;
				GCC_WARN_ABOUT_RETURN_TYPE = YES_ERROR;
				GCC_WARN_UNDECLARED_SELECTOR = YES;
				GCC_WARN_UNINITIALIZED_AUTOS = YES_AGGRESSIVE;
				GCC_WARN_UNUSED_FUNCTION = YES;
				GCC_WARN_UNUSED_VARIABLE = YES;
				IPHONEOS_DEPLOYMENT_TARGET = 17.0;
				LOCALIZATION_PREFERS_STRING_CATALOGS = YES;
				MTL_ENABLE_DEBUG_INFO = NO;
				MTL_FAST_MATH = YES;
				SDKROOT = iphoneos;
				SWIFT_COMPILATION_MODE = wholemodule;
				VALIDATE_PRODUCT = YES;
			};
			name = Release;
		};
		78840BF02B67F96E00453B74 /* Debug */ = {
			isa = XCBuildConfiguration;
			buildSettings = {
				ASSETCATALOG_COMPILER_APPICON_NAME = AppIcon;
				ASSETCATALOG_COMPILER_GLOBAL_ACCENT_COLOR_NAME = AccentColor;
				CODE_SIGN_STYLE = Automatic;
				CURRENT_PROJECT_VERSION = 1;
				DEVELOPMENT_TEAM = 7YPD64XWVY;
				GENERATE_INFOPLIST_FILE = YES;
				INFOPLIST_FILE = TwitterClone/Info.plist;
				INFOPLIST_KEY_UIApplicationSupportsIndirectInputEvents = YES;
				INFOPLIST_KEY_UILaunchStoryboardName = LaunchScreen;
				INFOPLIST_KEY_UISupportedInterfaceOrientations_iPad = "UIInterfaceOrientationPortrait UIInterfaceOrientationPortraitUpsideDown UIInterfaceOrientationLandscapeLeft UIInterfaceOrientationLandscapeRight";
				INFOPLIST_KEY_UISupportedInterfaceOrientations_iPhone = "UIInterfaceOrientationPortrait UIInterfaceOrientationLandscapeLeft UIInterfaceOrientationLandscapeRight";
				LD_RUNPATH_SEARCH_PATHS = (
					"$(inherited)",
					"@executable_path/Frameworks",
				);
				MARKETING_VERSION = 1.0;
				PRODUCT_BUNDLE_IDENTIFIER = evanlondon.TwitterClone;
				PRODUCT_NAME = "$(TARGET_NAME)";
				SWIFT_EMIT_LOC_STRINGS = YES;
				SWIFT_VERSION = 5.0;
				TARGETED_DEVICE_FAMILY = "1,2";
			};
			name = Debug;
		};
		78840BF12B67F96E00453B74 /* Release */ = {
			isa = XCBuildConfiguration;
			buildSettings = {
				ASSETCATALOG_COMPILER_APPICON_NAME = AppIcon;
				ASSETCATALOG_COMPILER_GLOBAL_ACCENT_COLOR_NAME = AccentColor;
				CODE_SIGN_STYLE = Automatic;
				CURRENT_PROJECT_VERSION = 1;
				DEVELOPMENT_TEAM = 7YPD64XWVY;
				GENERATE_INFOPLIST_FILE = YES;
				INFOPLIST_FILE = TwitterClone/Info.plist;
				INFOPLIST_KEY_UIApplicationSupportsIndirectInputEvents = YES;
				INFOPLIST_KEY_UILaunchStoryboardName = LaunchScreen;
				INFOPLIST_KEY_UISupportedInterfaceOrientations_iPad = "UIInterfaceOrientationPortrait UIInterfaceOrientationPortraitUpsideDown UIInterfaceOrientationLandscapeLeft UIInterfaceOrientationLandscapeRight";
				INFOPLIST_KEY_UISupportedInterfaceOrientations_iPhone = "UIInterfaceOrientationPortrait UIInterfaceOrientationLandscapeLeft UIInterfaceOrientationLandscapeRight";
				LD_RUNPATH_SEARCH_PATHS = (
					"$(inherited)",
					"@executable_path/Frameworks",
				);
				MARKETING_VERSION = 1.0;
				PRODUCT_BUNDLE_IDENTIFIER = evanlondon.TwitterClone;
				PRODUCT_NAME = "$(TARGET_NAME)";
				SWIFT_EMIT_LOC_STRINGS = YES;
				SWIFT_VERSION = 5.0;
				TARGETED_DEVICE_FAMILY = "1,2";
			};
			name = Release;
		};
/* End XCBuildConfiguration section */

/* Begin XCConfigurationList section */
		78840BD62B67F96C00453B74 /* Build configuration list for PBXProject "TwitterClone" */ = {
			isa = XCConfigurationList;
			buildConfigurations = (
				78840BED2B67F96E00453B74 /* Debug */,
				78840BEE2B67F96E00453B74 /* Release */,
			);
			defaultConfigurationIsVisible = 0;
			defaultConfigurationName = Release;
		};
		78840BEF2B67F96E00453B74 /* Build configuration list for PBXNativeTarget "TwitterClone" */ = {
			isa = XCConfigurationList;
			buildConfigurations = (
				78840BF02B67F96E00453B74 /* Debug */,
				78840BF12B67F96E00453B74 /* Release */,
			);
			defaultConfigurationIsVisible = 0;
			defaultConfigurationName = Release;
		};
/* End XCConfigurationList section */

/* Begin XCRemoteSwiftPackageReference section */
		7857CC3B2B6D130C00B91470 /* XCRemoteSwiftPackageReference "SDWebImage" */ = {
			isa = XCRemoteSwiftPackageReference;
			repositoryURL = "https://github.com/SDWebImage/SDWebImage.git";
			requirement = {
				kind = upToNextMajorVersion;
				minimumVersion = 5.18.10;
			};
		};
		786594B12B6ADAF8003B1627 /* XCRemoteSwiftPackageReference "firebase-ios-sdk" */ = {
			isa = XCRemoteSwiftPackageReference;
			repositoryURL = "https://github.com/firebase/firebase-ios-sdk";
			requirement = {
				kind = upToNextMajorVersion;
				minimumVersion = 10.20.0;
			};
		};
/* End XCRemoteSwiftPackageReference section */

/* Begin XCSwiftPackageProductDependency section */
		7857CC3C2B6D130C00B91470 /* SDWebImage */ = {
			isa = XCSwiftPackageProductDependency;
			package = 7857CC3B2B6D130C00B91470 /* XCRemoteSwiftPackageReference "SDWebImage" */;
			productName = SDWebImage;
		};
		7857CC3E2B6D130C00B91470 /* SDWebImageMapKit */ = {
			isa = XCSwiftPackageProductDependency;
			package = 7857CC3B2B6D130C00B91470 /* XCRemoteSwiftPackageReference "SDWebImage" */;
			productName = SDWebImageMapKit;
		};
		786594B22B6ADAF8003B1627 /* FirebaseAnalytics */ = {
			isa = XCSwiftPackageProductDependency;
			package = 786594B12B6ADAF8003B1627 /* XCRemoteSwiftPackageReference "firebase-ios-sdk" */;
			productName = FirebaseAnalytics;
		};
		786594B42B6ADAF8003B1627 /* FirebaseAnalyticsOnDeviceConversion */ = {
			isa = XCSwiftPackageProductDependency;
			package = 786594B12B6ADAF8003B1627 /* XCRemoteSwiftPackageReference "firebase-ios-sdk" */;
			productName = FirebaseAnalyticsOnDeviceConversion;
		};
		786594B62B6ADAF8003B1627 /* FirebaseAnalyticsSwift */ = {
			isa = XCSwiftPackageProductDependency;
			package = 786594B12B6ADAF8003B1627 /* XCRemoteSwiftPackageReference "firebase-ios-sdk" */;
			productName = FirebaseAnalyticsSwift;
		};
		786594B82B6ADAF8003B1627 /* FirebaseAnalyticsWithoutAdIdSupport */ = {
			isa = XCSwiftPackageProductDependency;
			package = 786594B12B6ADAF8003B1627 /* XCRemoteSwiftPackageReference "firebase-ios-sdk" */;
			productName = FirebaseAnalyticsWithoutAdIdSupport;
		};
		786594BA2B6ADAF8003B1627 /* FirebaseAppCheck */ = {
			isa = XCSwiftPackageProductDependency;
			package = 786594B12B6ADAF8003B1627 /* XCRemoteSwiftPackageReference "firebase-ios-sdk" */;
			productName = FirebaseAppCheck;
		};
		786594BC2B6ADAF8003B1627 /* FirebaseAppDistribution-Beta */ = {
			isa = XCSwiftPackageProductDependency;
			package = 786594B12B6ADAF8003B1627 /* XCRemoteSwiftPackageReference "firebase-ios-sdk" */;
			productName = "FirebaseAppDistribution-Beta";
		};
		786594BE2B6ADAF8003B1627 /* FirebaseAuth */ = {
			isa = XCSwiftPackageProductDependency;
			package = 786594B12B6ADAF8003B1627 /* XCRemoteSwiftPackageReference "firebase-ios-sdk" */;
			productName = FirebaseAuth;
		};
		786594C02B6ADAF8003B1627 /* FirebaseAuthCombine-Community */ = {
			isa = XCSwiftPackageProductDependency;
			package = 786594B12B6ADAF8003B1627 /* XCRemoteSwiftPackageReference "firebase-ios-sdk" */;
			productName = "FirebaseAuthCombine-Community";
		};
		786594C22B6ADAF8003B1627 /* FirebaseCrashlytics */ = {
			isa = XCSwiftPackageProductDependency;
			package = 786594B12B6ADAF8003B1627 /* XCRemoteSwiftPackageReference "firebase-ios-sdk" */;
			productName = FirebaseCrashlytics;
		};
		786594C42B6ADAF8003B1627 /* FirebaseDatabase */ = {
			isa = XCSwiftPackageProductDependency;
			package = 786594B12B6ADAF8003B1627 /* XCRemoteSwiftPackageReference "firebase-ios-sdk" */;
			productName = FirebaseDatabase;
		};
		786594C62B6ADAF8003B1627 /* FirebaseDatabaseSwift */ = {
			isa = XCSwiftPackageProductDependency;
			package = 786594B12B6ADAF8003B1627 /* XCRemoteSwiftPackageReference "firebase-ios-sdk" */;
			productName = FirebaseDatabaseSwift;
		};
		786594C82B6ADAF8003B1627 /* FirebaseDynamicLinks */ = {
			isa = XCSwiftPackageProductDependency;
			package = 786594B12B6ADAF8003B1627 /* XCRemoteSwiftPackageReference "firebase-ios-sdk" */;
			productName = FirebaseDynamicLinks;
		};
		786594CA2B6ADAF8003B1627 /* FirebaseFirestore */ = {
			isa = XCSwiftPackageProductDependency;
			package = 786594B12B6ADAF8003B1627 /* XCRemoteSwiftPackageReference "firebase-ios-sdk" */;
			productName = FirebaseFirestore;
		};
		786594CC2B6ADAF8003B1627 /* FirebaseFirestoreCombine-Community */ = {
			isa = XCSwiftPackageProductDependency;
			package = 786594B12B6ADAF8003B1627 /* XCRemoteSwiftPackageReference "firebase-ios-sdk" */;
			productName = "FirebaseFirestoreCombine-Community";
		};
		786594CE2B6ADAF8003B1627 /* FirebaseFirestoreSwift */ = {
			isa = XCSwiftPackageProductDependency;
			package = 786594B12B6ADAF8003B1627 /* XCRemoteSwiftPackageReference "firebase-ios-sdk" */;
			productName = FirebaseFirestoreSwift;
		};
		786594D02B6ADAF8003B1627 /* FirebaseFunctions */ = {
			isa = XCSwiftPackageProductDependency;
			package = 786594B12B6ADAF8003B1627 /* XCRemoteSwiftPackageReference "firebase-ios-sdk" */;
			productName = FirebaseFunctions;
		};
		786594D22B6ADAF8003B1627 /* FirebaseFunctionsCombine-Community */ = {
			isa = XCSwiftPackageProductDependency;
			package = 786594B12B6ADAF8003B1627 /* XCRemoteSwiftPackageReference "firebase-ios-sdk" */;
			productName = "FirebaseFunctionsCombine-Community";
		};
		786594D42B6ADAF8003B1627 /* FirebaseInAppMessaging-Beta */ = {
			isa = XCSwiftPackageProductDependency;
			package = 786594B12B6ADAF8003B1627 /* XCRemoteSwiftPackageReference "firebase-ios-sdk" */;
			productName = "FirebaseInAppMessaging-Beta";
		};
		786594D62B6ADAF8003B1627 /* FirebaseInAppMessagingSwift-Beta */ = {
			isa = XCSwiftPackageProductDependency;
			package = 786594B12B6ADAF8003B1627 /* XCRemoteSwiftPackageReference "firebase-ios-sdk" */;
			productName = "FirebaseInAppMessagingSwift-Beta";
		};
		786594D82B6ADAF8003B1627 /* FirebaseInstallations */ = {
			isa = XCSwiftPackageProductDependency;
			package = 786594B12B6ADAF8003B1627 /* XCRemoteSwiftPackageReference "firebase-ios-sdk" */;
			productName = FirebaseInstallations;
		};
		786594DA2B6ADAF8003B1627 /* FirebaseMLModelDownloader */ = {
			isa = XCSwiftPackageProductDependency;
			package = 786594B12B6ADAF8003B1627 /* XCRemoteSwiftPackageReference "firebase-ios-sdk" */;
			productName = FirebaseMLModelDownloader;
		};
		786594DC2B6ADAF8003B1627 /* FirebaseMessaging */ = {
			isa = XCSwiftPackageProductDependency;
			package = 786594B12B6ADAF8003B1627 /* XCRemoteSwiftPackageReference "firebase-ios-sdk" */;
			productName = FirebaseMessaging;
		};
		786594DE2B6ADAF8003B1627 /* FirebasePerformance */ = {
			isa = XCSwiftPackageProductDependency;
			package = 786594B12B6ADAF8003B1627 /* XCRemoteSwiftPackageReference "firebase-ios-sdk" */;
			productName = FirebasePerformance;
		};
		786594E02B6ADAF8003B1627 /* FirebaseRemoteConfig */ = {
			isa = XCSwiftPackageProductDependency;
			package = 786594B12B6ADAF8003B1627 /* XCRemoteSwiftPackageReference "firebase-ios-sdk" */;
			productName = FirebaseRemoteConfig;
		};
		786594E22B6ADAF8003B1627 /* FirebaseRemoteConfigSwift */ = {
			isa = XCSwiftPackageProductDependency;
			package = 786594B12B6ADAF8003B1627 /* XCRemoteSwiftPackageReference "firebase-ios-sdk" */;
			productName = FirebaseRemoteConfigSwift;
		};
		786594E42B6ADAF8003B1627 /* FirebaseStorage */ = {
			isa = XCSwiftPackageProductDependency;
			package = 786594B12B6ADAF8003B1627 /* XCRemoteSwiftPackageReference "firebase-ios-sdk" */;
			productName = FirebaseStorage;
		};
		786594E62B6ADAF8003B1627 /* FirebaseStorageCombine-Community */ = {
			isa = XCSwiftPackageProductDependency;
			package = 786594B12B6ADAF8003B1627 /* XCRemoteSwiftPackageReference "firebase-ios-sdk" */;
			productName = "FirebaseStorageCombine-Community";
		};
/* End XCSwiftPackageProductDependency section */
	};
	rootObject = 78840BD32B67F96C00453B74 /* Project object */;
}
